// !$*UTF8*$!
{
	archiveVersion = 1;
	classes = {
	};
	objectVersion = 50;
	objects = {

/* Begin PBXBuildFile section */
		B4A6C912264222F600068963 /* CLNCoolView.m in Sources */ = {isa = PBXBuildFile; fileRef = B4A6C911264222F600068963 /* CLNCoolView.m */; };
		B4A6C915264223D000068963 /* CLNCoolViewCell.m in Sources */ = {isa = PBXBuildFile; fileRef = B4A6C914264223D000068963 /* CLNCoolViewCell.m */; };
		B4A6C92026425FD600068963 /* BlockLiteralTests.m in Sources */ = {isa = PBXBuildFile; fileRef = B4A6C91F26425FD600068963 /* BlockLiteralTests.m */; };
		B4B52A3D26411C930000A947 /* AppDelegate.m in Sources */ = {isa = PBXBuildFile; fileRef = B4B52A3C26411C930000A947 /* AppDelegate.m */; };
		B4B52A4026411C930000A947 /* SceneDelegate.m in Sources */ = {isa = PBXBuildFile; fileRef = B4B52A3F26411C930000A947 /* SceneDelegate.m */; };
		B4B52A4826411C950000A947 /* Assets.xcassets in Resources */ = {isa = PBXBuildFile; fileRef = B4B52A4726411C950000A947 /* Assets.xcassets */; };
		B4B52A4B26411C950000A947 /* LaunchScreen.storyboard in Resources */ = {isa = PBXBuildFile; fileRef = B4B52A4926411C950000A947 /* LaunchScreen.storyboard */; };
		B4B52A4E26411C950000A947 /* main.m in Sources */ = {isa = PBXBuildFile; fileRef = B4B52A4D26411C950000A947 /* main.m */; };
		B4B52A56264123920000A947 /* CLNCoolViewController.m in Sources */ = {isa = PBXBuildFile; fileRef = B4B52A55264123920000A947 /* CLNCoolViewController.m */; };
/* End PBXBuildFile section */

/* Begin PBXContainerItemProxy section */
		B4A6C92226425FD600068963 /* PBXContainerItemProxy */ = {
			isa = PBXContainerItemProxy;
			containerPortal = B4B52A3026411C930000A947 /* Project object */;
			proxyType = 1;
			remoteGlobalIDString = B4B52A3726411C930000A947;
			remoteInfo = Coolness;
		};
/* End PBXContainerItemProxy section */

/* Begin PBXFileReference section */
		B4A6C910264222F600068963 /* CLNCoolView.h */ = {isa = PBXFileReference; lastKnownFileType = sourcecode.c.h; path = CLNCoolView.h; sourceTree = "<group>"; };
		B4A6C911264222F600068963 /* CLNCoolView.m */ = {isa = PBXFileReference; lastKnownFileType = sourcecode.c.objc; path = CLNCoolView.m; sourceTree = "<group>"; };
		B4A6C913264223D000068963 /* CLNCoolViewCell.h */ = {isa = PBXFileReference; lastKnownFileType = sourcecode.c.h; path = CLNCoolViewCell.h; sourceTree = "<group>"; };
		B4A6C914264223D000068963 /* CLNCoolViewCell.m */ = {isa = PBXFileReference; lastKnownFileType = sourcecode.c.objc; path = CLNCoolViewCell.m; sourceTree = "<group>"; };
		B4A6C91D26425FD600068963 /* CoolnessTests.xctest */ = {isa = PBXFileReference; explicitFileType = wrapper.cfbundle; includeInIndex = 0; path = CoolnessTests.xctest; sourceTree = BUILT_PRODUCTS_DIR; };
		B4A6C91F26425FD600068963 /* BlockLiteralTests.m */ = {isa = PBXFileReference; lastKnownFileType = sourcecode.c.objc; path = BlockLiteralTests.m; sourceTree = "<group>"; };
		B4A6C92126425FD600068963 /* Info.plist */ = {isa = PBXFileReference; lastKnownFileType = text.plist.xml; path = Info.plist; sourceTree = "<group>"; };
		B4B52A3826411C930000A947 /* Coolness.app */ = {isa = PBXFileReference; explicitFileType = wrapper.application; includeInIndex = 0; path = Coolness.app; sourceTree = BUILT_PRODUCTS_DIR; };
		B4B52A3B26411C930000A947 /* AppDelegate.h */ = {isa = PBXFileReference; lastKnownFileType = sourcecode.c.h; path = AppDelegate.h; sourceTree = "<group>"; };
		B4B52A3C26411C930000A947 /* AppDelegate.m */ = {isa = PBXFileReference; lastKnownFileType = sourcecode.c.objc; path = AppDelegate.m; sourceTree = "<group>"; };
		B4B52A3E26411C930000A947 /* SceneDelegate.h */ = {isa = PBXFileReference; lastKnownFileType = sourcecode.c.h; path = SceneDelegate.h; sourceTree = "<group>"; };
		B4B52A3F26411C930000A947 /* SceneDelegate.m */ = {isa = PBXFileReference; lastKnownFileType = sourcecode.c.objc; path = SceneDelegate.m; sourceTree = "<group>"; };
		B4B52A4726411C950000A947 /* Assets.xcassets */ = {isa = PBXFileReference; lastKnownFileType = folder.assetcatalog; path = Assets.xcassets; sourceTree = "<group>"; };
		B4B52A4A26411C950000A947 /* Base */ = {isa = PBXFileReference; lastKnownFileType = file.storyboard; name = Base; path = Base.lproj/LaunchScreen.storyboard; sourceTree = "<group>"; };
		B4B52A4C26411C950000A947 /* Info.plist */ = {isa = PBXFileReference; lastKnownFileType = text.plist.xml; path = Info.plist; sourceTree = "<group>"; };
		B4B52A4D26411C950000A947 /* main.m */ = {isa = PBXFileReference; lastKnownFileType = sourcecode.c.objc; path = main.m; sourceTree = "<group>"; };
		B4B52A54264123920000A947 /* CLNCoolViewController.h */ = {isa = PBXFileReference; lastKnownFileType = sourcecode.c.h; path = CLNCoolViewController.h; sourceTree = "<group>"; };
		B4B52A55264123920000A947 /* CLNCoolViewController.m */ = {isa = PBXFileReference; lastKnownFileType = sourcecode.c.objc; path = CLNCoolViewController.m; sourceTree = "<group>"; };
/* End PBXFileReference section */

/* Begin PBXFrameworksBuildPhase section */
		B4A6C91A26425FD600068963 /* Frameworks */ = {
			isa = PBXFrameworksBuildPhase;
			buildActionMask = 2147483647;
			files = (
			);
			runOnlyForDeploymentPostprocessing = 0;
		};
		B4B52A3526411C930000A947 /* Frameworks */ = {
			isa = PBXFrameworksBuildPhase;
			buildActionMask = 2147483647;
			files = (
			);
			runOnlyForDeploymentPostprocessing = 0;
		};
/* End PBXFrameworksBuildPhase section */

/* Begin PBXGroup section */
		B4A6C91E26425FD600068963 /* CoolnessTests */ = {
			isa = PBXGroup;
			children = (
				B4A6C91F26425FD600068963 /* BlockLiteralTests.m */,
				B4A6C92126425FD600068963 /* Info.plist */,
			);
			path = CoolnessTests;
			sourceTree = "<group>";
		};
		B4B52A2F26411C930000A947 = {
			isa = PBXGroup;
			children = (
				B4B52A3A26411C930000A947 /* Coolness */,
				B4A6C91E26425FD600068963 /* CoolnessTests */,
				B4B52A3926411C930000A947 /* Products */,
			);
			sourceTree = "<group>";
		};
		B4B52A3926411C930000A947 /* Products */ = {
			isa = PBXGroup;
			children = (
				B4B52A3826411C930000A947 /* Coolness.app */,
				B4A6C91D26425FD600068963 /* CoolnessTests.xctest */,
			);
			name = Products;
			sourceTree = "<group>";
		};
		B4B52A3A26411C930000A947 /* Coolness */ = {
			isa = PBXGroup;
			children = (
				B4B52A3B26411C930000A947 /* AppDelegate.h */,
				B4B52A3C26411C930000A947 /* AppDelegate.m */,
				B4B52A3E26411C930000A947 /* SceneDelegate.h */,
				B4B52A3F26411C930000A947 /* SceneDelegate.m */,
				B4B52A54264123920000A947 /* CLNCoolViewController.h */,
				B4B52A55264123920000A947 /* CLNCoolViewController.m */,
				B4A6C913264223D000068963 /* CLNCoolViewCell.h */,
				B4A6C914264223D000068963 /* CLNCoolViewCell.m */,
				B4A6C910264222F600068963 /* CLNCoolView.h */,
				B4A6C911264222F600068963 /* CLNCoolView.m */,
				B4B52A4726411C950000A947 /* Assets.xcassets */,
				B4B52A4926411C950000A947 /* LaunchScreen.storyboard */,
				B4B52A4C26411C950000A947 /* Info.plist */,
				B4B52A4D26411C950000A947 /* main.m */,
			);
			path = Coolness;
			sourceTree = "<group>";
		};
/* End PBXGroup section */

/* Begin PBXNativeTarget section */
		B4A6C91C26425FD600068963 /* CoolnessTests */ = {
			isa = PBXNativeTarget;
			buildConfigurationList = B4A6C92426425FD600068963 /* Build configuration list for PBXNativeTarget "CoolnessTests" */;
			buildPhases = (
				B4A6C91926425FD600068963 /* Sources */,
				B4A6C91A26425FD600068963 /* Frameworks */,
				B4A6C91B26425FD600068963 /* Resources */,
			);
			buildRules = (
			);
			dependencies = (
				B4A6C92326425FD600068963 /* PBXTargetDependency */,
			);
			name = CoolnessTests;
			productName = CoolnessTests;
			productReference = B4A6C91D26425FD600068963 /* CoolnessTests.xctest */;
			productType = "com.apple.product-type.bundle.unit-test";
		};
		B4B52A3726411C930000A947 /* Coolness */ = {
			isa = PBXNativeTarget;
			buildConfigurationList = B4B52A5126411C950000A947 /* Build configuration list for PBXNativeTarget "Coolness" */;
			buildPhases = (
				B4B52A3426411C930000A947 /* Sources */,
				B4B52A3526411C930000A947 /* Frameworks */,
				B4B52A3626411C930000A947 /* Resources */,
			);
			buildRules = (
			);
			dependencies = (
			);
			name = Coolness;
			productName = Coolness;
			productReference = B4B52A3826411C930000A947 /* Coolness.app */;
			productType = "com.apple.product-type.application";
		};
/* End PBXNativeTarget section */

/* Begin PBXProject section */
		B4B52A3026411C930000A947 /* Project object */ = {
			isa = PBXProject;
			attributes = {
				LastUpgradeCheck = 1250;
				TargetAttributes = {
					B4A6C91C26425FD600068963 = {
						CreatedOnToolsVersion = 12.5;
						TestTargetID = B4B52A3726411C930000A947;
					};
					B4B52A3726411C930000A947 = {
						CreatedOnToolsVersion = 12.5;
					};
				};
			};
			buildConfigurationList = B4B52A3326411C930000A947 /* Build configuration list for PBXProject "Coolness" */;
			compatibilityVersion = "Xcode 9.3";
			developmentRegion = en;
			hasScannedForEncodings = 0;
			knownRegions = (
				en,
				Base,
			);
			mainGroup = B4B52A2F26411C930000A947;
			productRefGroup = B4B52A3926411C930000A947 /* Products */;
			projectDirPath = "";
			projectRoot = "";
			targets = (
				B4B52A3726411C930000A947 /* Coolness */,
				B4A6C91C26425FD600068963 /* CoolnessTests */,
			);
		};
/* End PBXProject section */

/* Begin PBXResourcesBuildPhase section */
		B4A6C91B26425FD600068963 /* Resources */ = {
			isa = PBXResourcesBuildPhase;
			buildActionMask = 2147483647;
			files = (
			);
			runOnlyForDeploymentPostprocessing = 0;
		};
		B4B52A3626411C930000A947 /* Resources */ = {
			isa = PBXResourcesBuildPhase;
			buildActionMask = 2147483647;
			files = (
				B4B52A4B26411C950000A947 /* LaunchScreen.storyboard in Resources */,
				B4B52A4826411C950000A947 /* Assets.xcassets in Resources */,
			);
			runOnlyForDeploymentPostprocessing = 0;
		};
/* End PBXResourcesBuildPhase section */

/* Begin PBXSourcesBuildPhase section */
		B4A6C91926425FD600068963 /* Sources */ = {
			isa = PBXSourcesBuildPhase;
			buildActionMask = 2147483647;
			files = (
				B4A6C92026425FD600068963 /* BlockLiteralTests.m in Sources */,
			);
			runOnlyForDeploymentPostprocessing = 0;
		};
		B4B52A3426411C930000A947 /* Sources */ = {
			isa = PBXSourcesBuildPhase;
			buildActionMask = 2147483647;
			files = (
				B4A6C912264222F600068963 /* CLNCoolView.m in Sources */,
				B4A6C915264223D000068963 /* CLNCoolViewCell.m in Sources */,
				B4B52A3D26411C930000A947 /* AppDelegate.m in Sources */,
				B4B52A4E26411C950000A947 /* main.m in Sources */,
				B4B52A4026411C930000A947 /* SceneDelegate.m in Sources */,
				B4B52A56264123920000A947 /* CLNCoolViewController.m in Sources */,
			);
			runOnlyForDeploymentPostprocessing = 0;
		};
/* End PBXSourcesBuildPhase section */

/* Begin PBXTargetDependency section */
		B4A6C92326425FD600068963 /* PBXTargetDependency */ = {
			isa = PBXTargetDependency;
			target = B4B52A3726411C930000A947 /* Coolness */;
			targetProxy = B4A6C92226425FD600068963 /* PBXContainerItemProxy */;
		};
/* End PBXTargetDependency section */

/* Begin PBXVariantGroup section */
		B4B52A4926411C950000A947 /* LaunchScreen.storyboard */ = {
			isa = PBXVariantGroup;
			children = (
				B4B52A4A26411C950000A947 /* Base */,
			);
			name = LaunchScreen.storyboard;
			sourceTree = "<group>";
		};
/* End PBXVariantGroup section */

/* Begin XCBuildConfiguration section */
		B4A6C92526425FD600068963 /* Debug */ = {
			isa = XCBuildConfiguration;
			buildSettings = {
				BUNDLE_LOADER = "$(TEST_HOST)";
				CODE_SIGN_STYLE = Automatic;
				INFOPLIST_FILE = CoolnessTests/Info.plist;
				LD_RUNPATH_SEARCH_PATHS = (
					"$(inherited)",
					"@executable_path/Frameworks",
					"@loader_path/Frameworks",
				);
				PRODUCT_BUNDLE_IDENTIFIER = com.aboutobjects.training.CoolnessTests;
				PRODUCT_NAME = "$(TARGET_NAME)";
				TARGETED_DEVICE_FAMILY = "1,2";
				TEST_HOST = "$(BUILT_PRODUCTS_DIR)/Coolness.app/Coolness";
			};
			name = Debug;
		};
		B4A6C92626425FD600068963 /* Release */ = {
			isa = XCBuildConfiguration;
			buildSettings = {
				BUNDLE_LOADER = "$(TEST_HOST)";
				CODE_SIGN_STYLE = Automatic;
				INFOPLIST_FILE = CoolnessTests/Info.plist;
				LD_RUNPATH_SEARCH_PATHS = (
					"$(inherited)",
					"@executable_path/Frameworks",
					"@loader_path/Frameworks",
				);
				PRODUCT_BUNDLE_IDENTIFIER = com.aboutobjects.training.CoolnessTests;
				PRODUCT_NAME = "$(TARGET_NAME)";
				TARGETED_DEVICE_FAMILY = "1,2";
				TEST_HOST = "$(BUILT_PRODUCTS_DIR)/Coolness.app/Coolness";
			};
			name = Release;
		};
		B4B52A4F26411C950000A947 /* Debug */ = {
			isa = XCBuildConfiguration;
			buildSettings = {
				ALWAYS_SEARCH_USER_PATHS = NO;
				CLANG_ANALYZER_NONNULL = YES;
				CLANG_ANALYZER_NUMBER_OBJECT_CONVERSION = YES_AGGRESSIVE;
				CLANG_CXX_LANGUAGE_STANDARD = "gnu++14";
				CLANG_CXX_LIBRARY = "libc++";
				CLANG_ENABLE_MODULES = YES;
				CLANG_ENABLE_OBJC_ARC = YES;
				CLANG_ENABLE_OBJC_WEAK = YES;
				CLANG_WARN_BLOCK_CAPTURE_AUTORELEASING = YES;
				CLANG_WARN_BOOL_CONVERSION = YES;
				CLANG_WARN_COMMA = YES;
				CLANG_WARN_CONSTANT_CONVERSION = YES;
				CLANG_WARN_DEPRECATED_OBJC_IMPLEMENTATIONS = YES;
				CLANG_WARN_DIRECT_OBJC_ISA_USAGE = YES_ERROR;
				CLANG_WARN_DOCUMENTATION_COMMENTS = YES;
				CLANG_WARN_EMPTY_BODY = YES;
				CLANG_WARN_ENUM_CONVERSION = YES;
				CLANG_WARN_INFINITE_RECURSION = YES;
				CLANG_WARN_INT_CONVERSION = YES;
				CLANG_WARN_NON_LITERAL_NULL_CONVERSION = YES;
				CLANG_WARN_OBJC_IMPLICIT_RETAIN_SELF = YES;
				CLANG_WARN_OBJC_LITERAL_CONVERSION = YES;
				CLANG_WARN_OBJC_ROOT_CLASS = YES_ERROR;
				CLANG_WARN_QUOTED_INCLUDE_IN_FRAMEWORK_HEADER = YES;
				CLANG_WARN_RANGE_LOOP_ANALYSIS = YES;
				CLANG_WARN_STRICT_PROTOTYPES = YES;
				CLANG_WARN_SUSPICIOUS_MOVE = YES;
				CLANG_WARN_UNGUARDED_AVAILABILITY = YES_AGGRESSIVE;
				CLANG_WARN_UNREACHABLE_CODE = YES;
				CLANG_WARN__DUPLICATE_METHOD_MATCH = YES;
				COPY_PHASE_STRIP = NO;
				DEBUG_INFORMATION_FORMAT = dwarf;
				ENABLE_STRICT_OBJC_MSGSEND = YES;
				ENABLE_TESTABILITY = YES;
				GCC_C_LANGUAGE_STANDARD = gnu11;
				GCC_DYNAMIC_NO_PIC = NO;
				GCC_NO_COMMON_BLOCKS = YES;
				GCC_OPTIMIZATION_LEVEL = 0;
				GCC_PREPROCESSOR_DEFINITIONS = (
					"DEBUG=1",
					"$(inherited)",
				);
				GCC_WARN_64_TO_32_BIT_CONVERSION = YES;
				GCC_WARN_ABOUT_RETURN_TYPE = YES_ERROR;
				GCC_WARN_UNDECLARED_SELECTOR = YES;
				GCC_WARN_UNINITIALIZED_AUTOS = YES_AGGRESSIVE;
				GCC_WARN_UNUSED_FUNCTION = YES;
				GCC_WARN_UNUSED_VARIABLE = YES;
				IPHONEOS_DEPLOYMENT_TARGET = 14.5;
				MTL_ENABLE_DEBUG_INFO = INCLUDE_SOURCE;
				MTL_FAST_MATH = YES;
				ONLY_ACTIVE_ARCH = YES;
				SDKROOT = iphoneos;
			};
			name = Debug;
		};
		B4B52A5026411C950000A947 /* Release */ = {
			isa = XCBuildConfiguration;
			buildSettings = {
				ALWAYS_SEARCH_USER_PATHS = NO;
				CLANG_ANALYZER_NONNULL = YES;
				CLANG_ANALYZER_NUMBER_OBJECT_CONVERSION = YES_AGGRESSIVE;
				CLANG_CXX_LANGUAGE_STANDARD = "gnu++14";
				CLANG_CXX_LIBRARY = "libc++";
				CLANG_ENABLE_MODULES = YES;
				CLANG_ENABLE_OBJC_ARC = YES;
				CLANG_ENABLE_OBJC_WEAK = YES;
				CLANG_WARN_BLOCK_CAPTURE_AUTORELEASING = YES;
				CLANG_WARN_BOOL_CONVERSION = YES;
				CLANG_WARN_COMMA = YES;
				CLANG_WARN_CONSTANT_CONVERSION = YES;
				CLANG_WARN_DEPRECATED_OBJC_IMPLEMENTATIONS = YES;
				CLANG_WARN_DIRECT_OBJC_ISA_USAGE = YES_ERROR;
				CLANG_WARN_DOCUMENTATION_COMMENTS = YES;
				CLANG_WARN_EMPTY_BODY = YES;
				CLANG_WARN_ENUM_CONVERSION = YES;
				CLANG_WARN_INFINITE_RECURSION = YES;
				CLANG_WARN_INT_CONVERSION = YES;
				CLANG_WARN_NON_LITERAL_NULL_CONVERSION = YES;
				CLANG_WARN_OBJC_IMPLICIT_RETAIN_SELF = YES;
				CLANG_WARN_OBJC_LITERAL_CONVERSION = YES;
				CLANG_WARN_OBJC_ROOT_CLASS = YES_ERROR;
				CLANG_WARN_QUOTED_INCLUDE_IN_FRAMEWORK_HEADER = YES;
				CLANG_WARN_RANGE_LOOP_ANALYSIS = YES;
				CLANG_WARN_STRICT_PROTOTYPES = YES;
				CLANG_WARN_SUSPICIOUS_MOVE = YES;
				CLANG_WARN_UNGUARDED_AVAILABILITY = YES_AGGRESSIVE;
				CLANG_WARN_UNREACHABLE_CODE = YES;
				CLANG_WARN__DUPLICATE_METHOD_MATCH = YES;
				COPY_PHASE_STRIP = NO;
				DEBUG_INFORMATION_FORMAT = "dwarf-with-dsym";
				ENABLE_NS_ASSERTIONS = NO;
				ENABLE_STRICT_OBJC_MSGSEND = YES;
				GCC_C_LANGUAGE_STANDARD = gnu11;
				GCC_NO_COMMON_BLOCKS = YES;
				GCC_WARN_64_TO_32_BIT_CONVERSION = YES;
				GCC_WARN_ABOUT_RETURN_TYPE = YES_ERROR;
				GCC_WARN_UNDECLARED_SELECTOR = YES;
				GCC_WARN_UNINITIALIZED_AUTOS = YES_AGGRESSIVE;
				GCC_WARN_UNUSED_FUNCTION = YES;
				GCC_WARN_UNUSED_VARIABLE = YES;
				IPHONEOS_DEPLOYMENT_TARGET = 14.5;
				MTL_ENABLE_DEBUG_INFO = NO;
				MTL_FAST_MATH = YES;
				SDKROOT = iphoneos;
				VALIDATE_PRODUCT = YES;
			};
			name = Release;
		};
		B4B52A5226411C950000A947 /* Debug */ = {
			isa = XCBuildConfiguration;
			buildSettings = {
				ASSETCATALOG_COMPILER_APPICON_NAME = AppIcon;
				ASSETCATALOG_COMPILER_GLOBAL_ACCENT_COLOR_NAME = AccentColor;
				CODE_SIGN_STYLE = Automatic;
				INFOPLIST_FILE = Coolness/Info.plist;
				LD_RUNPATH_SEARCH_PATHS = (
					"$(inherited)",
					"@executable_path/Frameworks",
				);
				PRODUCT_BUNDLE_IDENTIFIER = com.aboutobjects.training.Coolness;
				PRODUCT_NAME = "$(TARGET_NAME)";
				TARGETED_DEVICE_FAMILY = "1,2";
			};
			name = Debug;
		};
		B4B52A5326411C950000A947 /* Release */ = {
			isa = XCBuildConfiguration;
			buildSettings = {
				ASSETCATALOG_COMPILER_APPICON_NAME = AppIcon;
				ASSETCATALOG_COMPILER_GLOBAL_ACCENT_COLOR_NAME = AccentColor;
				CODE_SIGN_STYLE = Automatic;
				INFOPLIST_FILE = Coolness/Info.plist;
				LD_RUNPATH_SEARCH_PATHS = (
					"$(inherited)",
					"@executable_path/Frameworks",
				);
				PRODUCT_BUNDLE_IDENTIFIER = com.aboutobjects.training.Coolness;
				PRODUCT_NAME = "$(TARGET_NAME)";
				TARGETED_DEVICE_FAMILY = "1,2";
			};
			name = Release;
		};
/* End XCBuildConfiguration section */

/* Begin XCConfigurationList section */
		B4A6C92426425FD600068963 /* Build configuration list for PBXNativeTarget "CoolnessTests" */ = {
			isa = XCConfigurationList;
			buildConfigurations = (
				B4A6C92526425FD600068963 /* Debug */,
				B4A6C92626425FD600068963 /* Release */,
			);
			defaultConfigurationIsVisible = 0;
			defaultConfigurationName = Release;
		};
		B4B52A3326411C930000A947 /* Build configuration list for PBXProject "Coolness" */ = {
			isa = XCConfigurationList;
			buildConfigurations = (
				B4B52A4F26411C950000A947 /* Debug */,
				B4B52A5026411C950000A947 /* Release */,
			);
			defaultConfigurationIsVisible = 0;
			defaultConfigurationName = Release;
		};
		B4B52A5126411C950000A947 /* Build configuration list for PBXNativeTarget "Coolness" */ = {
			isa = XCConfigurationList;
			buildConfigurations = (
				B4B52A5226411C950000A947 /* Debug */,
				B4B52A5326411C950000A947 /* Release */,
			);
			defaultConfigurationIsVisible = 0;
			defaultConfigurationName = Release;
		};
/* End XCConfigurationList section */
	};
	rootObject = B4B52A3026411C930000A947 /* Project object */;
}
